
Microsoft Visual Studio Solution File, Format Version 12.00
# Visual Studio 15
VisualStudioVersion = 15.0.27703.2035
MinimumVisualStudioVersion = 10.0.40219.1
Project("{FAE04EC0-301F-11D3-BF4B-00C04F79EFBC}") = "LiliBuyMasterService", "LiliBuyMasterService\LiliBuyMasterService.csproj", "{062D317A-15DC-4472-82B1-6A65631CB0F7}"
EndProject
Global
	GlobalSection(SolutionConfigurationPlatforms) = preSolution
		Debug|Any CPU = Debug|Any CPU
		Release|Any CPU = Release|Any CPU
	EndGlobalSection
	GlobalSection(ProjectConfigurationPlatforms) = postSolution
		{062D317A-15DC-4472-82B1-6A65631CB0F7}.Debug|Any CPU.ActiveCfg = Debug|Any CPU
		{062D317A-15DC-4472-82B1-6A65631CB0F7}.Debug|Any CPU.Build.0 = Debug|Any CPU
		{062D317A-15DC-4472-82B1-6A65631CB0F7}.Release|Any CPU.ActiveCfg = Release|Any CPU
		{062D317A-15DC-4472-82B1-6A65631CB0F7}.Release|Any CPU.Build.0 = Release|Any CPU
	EndGlobalSection
	GlobalSection(SolutionProperties) = preSolution
		HideSolutionNode = FALSE
	EndGlobalSection
	GlobalSection(ExtensibilityGlobals) = postSolution
		SolutionGuid = {C716C307-32EA-4AE1-9238-93C606881424}
	EndGlobalSection
EndGlobal
